
Microsoft Visual Studio Solution File, Format Version 12.00
# Visual Studio Version 17
VisualStudioVersion = 17.0.32112.339
MinimumVisualStudioVersion = 10.0.40219.1
Project("{FAE04EC0-301F-11D3-BF4B-00C04F79EFBC}") = "webapi", "webapi\webapi.csproj", "{6C047800-8140-46F5-ABC5-901C8F5BBD1A}"
EndProject
Global
	GlobalSection(SolutionConfigurationPlatforms) = preSolution
		Debug|Any CPU = Debug|Any CPU
		Release|Any CPU = Release|Any CPU
	EndGlobalSection
	GlobalSection(ProjectConfigurationPlatforms) = postSolution
		{6C047800-8140-46F5-ABC5-901C8F5BBD1A}.Debug|Any CPU.ActiveCfg = Debug|Any CPU
		{6C047800-8140-46F5-ABC5-901C8F5BBD1A}.Debug|Any CPU.Build.0 = Debug|Any CPU
		{6C047800-8140-46F5-ABC5-901C8F5BBD1A}.Release|Any CPU.ActiveCfg = Release|Any CPU
		{6C047800-8140-46F5-ABC5-901C8F5BBD1A}.Release|Any CPU.Build.0 = Release|Any CPU
	EndGlobalSection
	GlobalSection(SolutionProperties) = preSolution
		HideSolutionNode = FALSE
	EndGlobalSection
	GlobalSection(ExtensibilityGlobals) = postSolution
		SolutionGuid = {8EA4A7BA-5E00-41E4-8DBE-EE20E8D87DF4}
	EndGlobalSection
EndGlobal
